// This lockfile was autogenerated by Pants. To regenerate, run:
//
//    /home/lilatomic/infra/alpacloud/pants generate-lockfiles --resolve=mypy
//
// --- BEGIN PANTS LOCKFILE METADATA: DO NOT EDIT OR REMOVE ---
// {
//   "version": 2,
//   "valid_for_interpreter_constraints": [
//     "CPython<4,>=3.7"
//   ],
//   "generated_with_requirements": [
//     "mypy==0.950",
//     "pytest"
//   ]
// }
// --- END PANTS LOCKFILE METADATA ---

{
  "allow_builds": true,
  "allow_prereleases": false,
  "allow_wheels": true,
  "build_isolation": true,
  "constraints": [],
  "locked_resolves": [
    {
      "locked_requirements": [
        {
          "artifacts": [
            {
              "algorithm": "sha256",
              "hash": "86efa402f67bf2df34f51a335487cf46b1ec130d02b8d39fd248abfd30da551c",
              "url": "https://files.pythonhosted.org/packages/f2/bc/d817287d1aa01878af07c19505fafd1165cd6a119e9d0821ca1d1c20312d/attrs-22.1.0-py2.py3-none-any.whl"
            },
            {
              "algorithm": "sha256",
              "hash": "29adc2665447e5191d0e7c568fde78b21f9672d344281d0c6e1ab085429b22b6",
              "url": "https://files.pythonhosted.org/packages/1a/cb/c4ffeb41e7137b23755a45e1bfec9cbb76ecf51874c6f1d113984ecaa32c/attrs-22.1.0.tar.gz"
            }
          ],
          "project_name": "attrs",
          "requires_dists": [
            "cloudpickle; platform_python_implementation == \"CPython\" and extra == \"dev\"",
            "cloudpickle; platform_python_implementation == \"CPython\" and extra == \"tests\"",
            "cloudpickle; platform_python_implementation == \"CPython\" and extra == \"tests_no_zope\"",
            "coverage[toml]>=5.0.2; extra == \"dev\"",
            "coverage[toml]>=5.0.2; extra == \"tests\"",
            "coverage[toml]>=5.0.2; extra == \"tests_no_zope\"",
            "furo; extra == \"dev\"",
            "furo; extra == \"docs\"",
            "hypothesis; extra == \"dev\"",
            "hypothesis; extra == \"tests\"",
            "hypothesis; extra == \"tests_no_zope\"",
            "mypy!=0.940,>=0.900; extra == \"dev\"",
            "mypy!=0.940,>=0.900; extra == \"tests\"",
            "mypy!=0.940,>=0.900; extra == \"tests_no_zope\"",
            "pre-commit; extra == \"dev\"",
            "pympler; extra == \"dev\"",
            "pympler; extra == \"tests\"",
            "pympler; extra == \"tests_no_zope\"",
            "pytest-mypy-plugins; extra == \"dev\"",
            "pytest-mypy-plugins; extra == \"tests\"",
            "pytest-mypy-plugins; extra == \"tests_no_zope\"",
            "pytest>=4.3.0; extra == \"dev\"",
            "pytest>=4.3.0; extra == \"tests\"",
            "pytest>=4.3.0; extra == \"tests_no_zope\"",
            "sphinx-notfound-page; extra == \"dev\"",
            "sphinx-notfound-page; extra == \"docs\"",
            "sphinx; extra == \"dev\"",
            "sphinx; extra == \"docs\"",
            "zope.interface; extra == \"dev\"",
            "zope.interface; extra == \"docs\"",
            "zope.interface; extra == \"tests\""
          ],
          "requires_python": ">=3.5",
          "version": "22.1"
        },
        {
          "artifacts": [
            {
              "algorithm": "sha256",
              "hash": "7401a975809ea1fdc658c3aa4f78cc2195a0e019c5cbc4c06122884e9ae80c23",
              "url": "https://files.pythonhosted.org/packages/d2/a2/8c239dc898138f208dd14b441b196e7b3032b94d3137d9d8453e186967fc/importlib_metadata-4.12.0-py3-none-any.whl"
            },
            {
              "algorithm": "sha256",
              "hash": "637245b8bab2b6502fcbc752cc4b7a6f6243bb02b31c5c26156ad103d3d45670",
              "url": "https://files.pythonhosted.org/packages/1a/16/441080c907df829016729e71d8bdd42d99b9bdde48b01492ed08912c0aa9/importlib_metadata-4.12.0.tar.gz"
            }
          ],
          "project_name": "importlib-metadata",
          "requires_dists": [
            "flufl.flake8; extra == \"testing\"",
            "importlib-resources>=1.3; python_version < \"3.9\" and extra == \"testing\"",
            "ipython; extra == \"perf\"",
            "jaraco.packaging>=9; extra == \"docs\"",
            "packaging; extra == \"testing\"",
            "pyfakefs; extra == \"testing\"",
            "pytest-black>=0.3.7; platform_python_implementation != \"PyPy\" and extra == \"testing\"",
            "pytest-checkdocs>=2.4; extra == \"testing\"",
            "pytest-cov; extra == \"testing\"",
            "pytest-enabler>=1.3; extra == \"testing\"",
            "pytest-flake8; extra == \"testing\"",
            "pytest-mypy>=0.9.1; platform_python_implementation != \"PyPy\" and extra == \"testing\"",
            "pytest-perf>=0.9.2; extra == \"testing\"",
            "pytest>=6; extra == \"testing\"",
            "rst.linker>=1.9; extra == \"docs\"",
            "sphinx; extra == \"docs\"",
            "typing-extensions>=3.6.4; python_version < \"3.8\"",
            "zipp>=0.5"
          ],
          "requires_python": ">=3.7",
          "version": "4.12"
        },
        {
          "artifacts": [
            {
              "algorithm": "sha256",
              "hash": "011e24c64b7f47f6ebd835bb12a743f2fbe9a26d4cecaa7f53bc4f35ee9da8b3",
              "url": "https://files.pythonhosted.org/packages/9b/dd/b3c12c6d707058fa947864b67f0c4e0c39ef8610988d7baea9578f3c48f3/iniconfig-1.1.1-py2.py3-none-any.whl"
            },
            {
              "algorithm": "sha256",
              "hash": "bc3af051d7d14b2ee5ef9969666def0cd1a000e121eaea580d4a313df4b37f32",
              "url": "https://files.pythonhosted.org/packages/23/a2/97899f6bd0e873fed3a7e67ae8d3a08b21799430fb4da15cfedf10d6e2c2/iniconfig-1.1.1.tar.gz"
            }
          ],
          "project_name": "iniconfig",
          "requires_dists": [],
          "requires_python": null,
          "version": "1.1.1"
        },
        {
          "artifacts": [
            {
              "algorithm": "sha256",
              "hash": "a4d9898f46446bfb6405383b57b96737dcfd0a7f25b748e78ef3e8c576bba3cb",
              "url": "https://files.pythonhosted.org/packages/62/de/7ee916ff371f1e09ed0906c71b34bfb8f733878d24d03148028ac8ac9e71/mypy-0.950-py3-none-any.whl"
            },
            {
              "algorithm": "sha256",
              "hash": "b5b5bd0ffb11b4aba2bb6d31b8643902c48f990cc92fda4e21afac658044f0c0",
              "url": "https://files.pythonhosted.org/packages/32/53/7ff57d72df51aba667291fd336b564c2e0e1628d432a63e0e73ac04ed371/mypy-0.950-cp310-cp310-macosx_10_9_x86_64.whl"
            },
            {
              "algorithm": "sha256",
              "hash": "0112752a6ff07230f9ec2f71b0d3d4e088a910fdce454fdb6553e83ed0eced7d",
              "url": "https://files.pythonhosted.org/packages/34/92/e83482be33c3882682e8595f90aff4524c0d2ad667c1b64db9d7e76f25b1/mypy-0.950-cp38-cp38-macosx_10_9_universal2.whl"
            },
            {
              "algorithm": "sha256",
              "hash": "5ce6a09042b6da16d773d2110e44f169683d8cc8687e79ec6d1181a72cb028d2",
              "url": "https://files.pythonhosted.org/packages/3c/ca/b6f19658000fbe53da50113e8307e2d3f2cd1432a24a856ff8d7445ec02e/mypy-0.950-cp38-cp38-manylinux_2_5_x86_64.manylinux1_x86_64.manylinux_2_12_x86_64.manylinux2010_x86_64.whl"
            },
            {
              "algorithm": "sha256",
              "hash": "ee0a36edd332ed2c5208565ae6e3a7afc0eabb53f5327e281f2ef03a6bc7687a",
              "url": "https://files.pythonhosted.org/packages/40/37/e552312576cfe6242affeaf9262971ec16f5889749d7c37000b4ab5c77c6/mypy-0.950-cp38-cp38-macosx_10_9_x86_64.whl"
            },
            {
              "algorithm": "sha256",
              "hash": "cf9c261958a769a3bd38c3e133801ebcd284ffb734ea12d01457cb09eacf7d7b",
              "url": "https://files.pythonhosted.org/packages/40/f8/1b676a58ded83ae4752135682ff1511304f695fc716060e069de70a13a8c/mypy-0.950-cp310-cp310-macosx_10_9_universal2.whl"
            },
            {
              "algorithm": "sha256",
              "hash": "1fdeb0a0f64f2a874a4c1f5271f06e40e1e9779bf55f9567f149466fc7a55038",
              "url": "https://files.pythonhosted.org/packages/48/6f/04cb870a2318b9d5ed6c295cbe29a7eec9f22a9362e430c1b1c8dd2ca9d6/mypy-0.950-cp39-cp39-macosx_10_9_x86_64.whl"
            },
            {
              "algorithm": "sha256",
              "hash": "eaff8156016487c1af5ffa5304c3e3fd183edcb412f3e9c72db349faf3f6e0eb",
              "url": "https://files.pythonhosted.org/packages/5c/b0/77181f2570636c3f5870b409d0452999f5d2d51c688a95d540c9465e70e5/mypy-0.950-cp310-cp310-manylinux_2_5_x86_64.manylinux1_x86_64.manylinux_2_12_x86_64.manylinux2010_x86_64.whl"
            },
            {
              "algorithm": "sha256",
              "hash": "e19736af56947addedce4674c0971e5dceef1b5ec7d667fe86bcd2b07f8f9075",
              "url": "https://files.pythonhosted.org/packages/5d/2d/0d7f020199503408e82e231b98c53000ca2fb3da097a835ae66cc14c881b/mypy-0.950-cp37-cp37m-manylinux_2_5_x86_64.manylinux1_x86_64.manylinux_2_12_x86_64.manylinux2010_x86_64.whl"
            },
            {
              "algorithm": "sha256",
              "hash": "77423570c04aca807508a492037abbd72b12a1fb25a385847d191cd50b2c9605",
              "url": "https://files.pythonhosted.org/packages/72/89/9a39b44f9f9efada012ecb83391d0133640c3f663dfecef09bfa14f6d884/mypy-0.950-cp38-cp38-macosx_11_0_arm64.whl"
            },
            {
              "algorithm": "sha256",
              "hash": "1b333cfbca1762ff15808a0ef4f71b5d3eed8528b23ea1c3fb50543c867d68de",
              "url": "https://files.pythonhosted.org/packages/73/ef/a3b56028305971a7130992702097e6cde5dcfa2ee01fd5f0d66880cce012/mypy-0.950.tar.gz"
            },
            {
              "algorithm": "sha256",
              "hash": "5e7647df0f8fc947388e6251d728189cfadb3b1e558407f93254e35abc026e22",
              "url": "https://files.pythonhosted.org/packages/7b/ff/89b8723be9e60554f470f13056caaef8de4bbaa26d7ce6fc8cac6407dadd/mypy-0.950-cp310-cp310-macosx_11_0_arm64.whl"
            },
            {
              "algorithm": "sha256",
              "hash": "a952b8bc0ae278fc6316e6384f67bb9a396eb30aced6ad034d3a76120ebcc519",
              "url": "https://files.pythonhosted.org/packages/8d/48/ffc1599423557c7a78c78fecfada876e4fb56ed6459c2f7b2232b2a4668c/mypy-0.950-cp39-cp39-manylinux_2_5_x86_64.manylinux1_x86_64.manylinux_2_12_x86_64.manylinux2010_x86_64.whl"
            },
            {
              "algorithm": "sha256",
              "hash": "4c653e4846f287051599ed8f4b3c044b80e540e88feec76b11044ddc5612ffed",
              "url": "https://files.pythonhosted.org/packages/ae/d8/f91ec507f5cbf04f406717e6a3a6626b8a4683f40e185e26b0d554edab8b/mypy-0.950-cp37-cp37m-macosx_10_9_x86_64.whl"
            },
            {
              "algorithm": "sha256",
              "hash": "61504b9a5ae166ba5ecfed9e93357fd51aa693d3d434b582a925338a2ff57fd2",
              "url": "https://files.pythonhosted.org/packages/d0/e3/a7272e05e971c1804cb424869225cec43b70b96e5db07a561248f9cf9500/mypy-0.950-cp39-cp39-macosx_11_0_arm64.whl"
            },
            {
              "algorithm": "sha256",
              "hash": "0384d9f3af49837baa92f559d3fa673e6d2652a16550a9ee07fc08c736f5e6f8",
              "url": "https://files.pythonhosted.org/packages/f2/cd/70edfd39c55ffd1830794c0482c298eeb039fb929c6a7b2625ef5df2160d/mypy-0.950-cp39-cp39-macosx_10_9_universal2.whl"
            }
          ],
          "project_name": "mypy",
          "requires_dists": [
            "lxml; extra == \"reports\"",
            "mypy-extensions>=0.4.3",
            "psutil>=4.0; extra == \"dmypy\"",
            "tomli>=1.1.0; python_version < \"3.11\"",
            "typed-ast<2,>=1.4.0; extra == \"python2\"",
            "typed-ast<2,>=1.4.0; python_version < \"3.8\"",
            "typing-extensions>=3.10"
          ],
          "requires_python": ">=3.6",
          "version": "0.950"
        },
        {
          "artifacts": [
            {
              "algorithm": "sha256",
              "hash": "090fedd75945a69ae91ce1303b5824f428daf5a028d2f6ab8a299250a846f15d",
              "url": "https://files.pythonhosted.org/packages/5c/eb/975c7c080f3223a5cdaff09612f3a5221e4ba534f7039db34c35d95fa6a5/mypy_extensions-0.4.3-py2.py3-none-any.whl"
            },
            {
              "algorithm": "sha256",
              "hash": "2d82818f5bb3e369420cb3c4060a7970edba416647068eb4c5343488a6c604a8",
              "url": "https://files.pythonhosted.org/packages/63/60/0582ce2eaced55f65a4406fc97beba256de4b7a95a0034c6576458c6519f/mypy_extensions-0.4.3.tar.gz"
            }
          ],
          "project_name": "mypy-extensions",
          "requires_dists": [
            "typing>=3.5.3; python_version < \"3.5\""
          ],
          "requires_python": null,
          "version": "0.4.3"
        },
        {
          "artifacts": [
            {
              "algorithm": "sha256",
              "hash": "ef103e05f519cdc783ae24ea4e2e0f508a9c99b2d4969652eed6a2e1ea5bd522",
              "url": "https://files.pythonhosted.org/packages/05/8e/8de486cbd03baba4deef4142bd643a3e7bbe954a784dc1bb17142572d127/packaging-21.3-py3-none-any.whl"
            },
            {
              "algorithm": "sha256",
              "hash": "dd47c42927d89ab911e606518907cc2d3a1f38bbd026385970643f9c5b8ecfeb",
              "url": "https://files.pythonhosted.org/packages/df/9e/d1a7217f69310c1db8fdf8ab396229f55a699ce34a203691794c5d1cad0c/packaging-21.3.tar.gz"
            }
          ],
          "project_name": "packaging",
          "requires_dists": [
            "pyparsing!=3.0.5,>=2.0.2"
          ],
          "requires_python": ">=3.6",
          "version": "21.3"
        },
        {
          "artifacts": [
            {
              "algorithm": "sha256",
              "hash": "74134bbf457f031a36d68416e1509f34bd5ccc019f0bcc952c7b909d06b37bd3",
              "url": "https://files.pythonhosted.org/packages/9e/01/f38e2ff29715251cf25532b9082a1589ab7e4f571ced434f98d0139336dc/pluggy-1.0.0-py2.py3-none-any.whl"
            },
            {
              "algorithm": "sha256",
              "hash": "4224373bacce55f955a878bf9cfa763c1e360858e330072059e10bad68531159",
              "url": "https://files.pythonhosted.org/packages/a1/16/db2d7de3474b6e37cbb9c008965ee63835bba517e22cdb8c35b5116b5ce1/pluggy-1.0.0.tar.gz"
            }
          ],
          "project_name": "pluggy",
          "requires_dists": [
            "importlib-metadata>=0.12; python_version < \"3.8\"",
            "pre-commit; extra == \"dev\"",
            "pytest-benchmark; extra == \"testing\"",
            "pytest; extra == \"testing\"",
            "tox; extra == \"dev\""
          ],
          "requires_python": ">=3.6",
          "version": "1"
        },
        {
          "artifacts": [
            {
              "algorithm": "sha256",
              "hash": "607c53218732647dff4acdfcd50cb62615cedf612e72d1724fb1a0cc6405b378",
              "url": "https://files.pythonhosted.org/packages/f6/f0/10642828a8dfb741e5f3fbaac830550a518a775c7fff6f04a007259b0548/py-1.11.0-py2.py3-none-any.whl"
            },
            {
              "algorithm": "sha256",
              "hash": "51c75c4126074b472f746a24399ad32f6053d1b34b68d2fa41e558e6f4a98719",
              "url": "https://files.pythonhosted.org/packages/98/ff/fec109ceb715d2a6b4c4a85a61af3b40c723a961e8828319fbcb15b868dc/py-1.11.0.tar.gz"
            }
          ],
          "project_name": "py",
          "requires_dists": [],
          "requires_python": "!=3.0.*,!=3.1.*,!=3.2.*,!=3.3.*,!=3.4.*,>=2.7",
          "version": "1.11"
        },
        {
          "artifacts": [
            {
              "algorithm": "sha256",
              "hash": "5026bae9a10eeaefb61dab2f09052b9f4307d44aee4eda64b309723d8d206bbc",
              "url": "https://files.pythonhosted.org/packages/6c/10/a7d0fa5baea8fe7b50f448ab742f26f52b80bfca85ac2be9d35cdd9a3246/pyparsing-3.0.9-py3-none-any.whl"
            },
            {
              "algorithm": "sha256",
              "hash": "2b020ecf7d21b687f219b71ecad3631f644a47f01403fa1d1036b0c6416d70fb",
              "url": "https://files.pythonhosted.org/packages/71/22/207523d16464c40a0310d2d4d8926daffa00ac1f5b1576170a32db749636/pyparsing-3.0.9.tar.gz"
            }
          ],
          "project_name": "pyparsing",
          "requires_dists": [
            "jinja2; extra == \"diagrams\"",
            "railroad-diagrams; extra == \"diagrams\""
          ],
          "requires_python": ">=3.6.8",
          "version": "3.0.9"
        },
        {
          "artifacts": [
            {
              "algorithm": "sha256",
              "hash": "1377bda3466d70b55e3f5cecfa55bb7cfcf219c7964629b967c37cf0bda818b7",
              "url": "https://files.pythonhosted.org/packages/e3/b9/3541bbcb412a9fd56593005ff32183825634ef795a1c01ceb6dee86e7259/pytest-7.1.3-py3-none-any.whl"
            },
            {
              "algorithm": "sha256",
              "hash": "4f365fec2dff9c1162f834d9f18af1ba13062db0c708bf7b946f8a5c76180c39",
              "url": "https://files.pythonhosted.org/packages/a4/a7/8c63a4966935b0d0b039fd67ebf2e1ae00f1af02ceb912d838814d772a9a/pytest-7.1.3.tar.gz"
            }
          ],
          "project_name": "pytest",
          "requires_dists": [
            "argcomplete; extra == \"testing\"",
            "attrs>=19.2.0",
            "colorama; sys_platform == \"win32\"",
            "hypothesis>=3.56; extra == \"testing\"",
            "importlib-metadata>=0.12; python_version < \"3.8\"",
            "iniconfig",
            "mock; extra == \"testing\"",
            "nose; extra == \"testing\"",
            "packaging",
            "pluggy<2.0,>=0.12",
            "py>=1.8.2",
            "pygments>=2.7.2; extra == \"testing\"",
            "requests; extra == \"testing\"",
            "tomli>=1.0.0",
            "xmlschema; extra == \"testing\""
          ],
          "requires_python": ">=3.7",
          "version": "7.1.3"
        },
        {
          "artifacts": [
            {
              "algorithm": "sha256",
              "hash": "939de3e7a6161af0c887ef91b7d41a53e7c5a1ca976325f429cb46ea9bc30ecc",
              "url": "https://files.pythonhosted.org/packages/97/75/10a9ebee3fd790d20926a90a2547f0bf78f371b2f13aa822c759680ca7b9/tomli-2.0.1-py3-none-any.whl"
            },
            {
              "algorithm": "sha256",
              "hash": "de526c12914f0c550d15924c62d72abc48d6fe7364aa87328337a31007fe8a4f",
              "url": "https://files.pythonhosted.org/packages/c0/3f/d7af728f075fb08564c5949a9c95e44352e23dee646869fa104a3b2060a3/tomli-2.0.1.tar.gz"
            }
          ],
          "project_name": "tomli",
          "requires_dists": [],
          "requires_python": ">=3.7",
          "version": "2.0.1"
        },
        {
          "artifacts": [
            {
              "algorithm": "sha256",
              "hash": "98f80dee3c03455e92796b58b98ff6ca0b2a6f652120c263efdba4d6c5e58f72",
              "url": "https://files.pythonhosted.org/packages/d8/4e/db9505b53c44d7bc324a3d2e09bdf82b0943d6e08b183ae382860f482a87/typed_ast-1.5.4-cp39-cp39-manylinux_2_5_x86_64.manylinux1_x86_64.manylinux_2_12_x86_64.manylinux2010_x86_64.whl"
            },
            {
              "algorithm": "sha256",
              "hash": "6778e1b2f81dfc7bc58e4b259363b83d2e509a65198e85d5700dfae4c6c8ff1c",
              "url": "https://files.pythonhosted.org/packages/04/93/482d12fd3334b53ec4087e658ab161ab23affcf8b052166b4cf972ca673b/typed_ast-1.5.4-cp37-cp37m-manylinux_2_5_x86_64.manylinux1_x86_64.manylinux_2_12_x86_64.manylinux2010_x86_64.whl"
            },
            {
              "algorithm": "sha256",
              "hash": "39e21ceb7388e4bb37f4c679d72707ed46c2fbf2a5609b8b8ebc4b067d977df2",
              "url": "https://files.pythonhosted.org/packages/07/d2/d55702e8deba2c80282fea0df53130790d8f398648be589750954c2dcce4/typed_ast-1.5.4.tar.gz"
            },
            {
              "algorithm": "sha256",
              "hash": "3e123d878ba170397916557d31c8f589951e353cc95fb7f24f6bb69adc1a8a97",
              "url": "https://files.pythonhosted.org/packages/0b/e7/8ec06fc870254889198f933a595f139b7871b24bab1116d6128440731ea9/typed_ast-1.5.4-cp39-cp39-macosx_11_0_arm64.whl"
            },
            {
              "algorithm": "sha256",
              "hash": "669dd0c4167f6f2cd9f57041e03c3c2ebf9063d0757dc89f79ba1daa2bfca9d4",
              "url": "https://files.pythonhosted.org/packages/0f/59/430b86961d63278fcbced5ba72655ee93aa35e8e908bad4ff138480eb25d/typed_ast-1.5.4-cp310-cp310-macosx_10_9_x86_64.whl"
            },
            {
              "algorithm": "sha256",
              "hash": "7d5d014b7daa8b0bf2eaef684295acae12b036d79f54178b92a2b6a56f92278f",
              "url": "https://files.pythonhosted.org/packages/2f/87/25abe9558ed6cbd83ad5bfdccf7210a7eefaaf0232f86de99f65992e91fd/typed_ast-1.5.4-cp38-cp38-macosx_11_0_arm64.whl"
            },
            {
              "algorithm": "sha256",
              "hash": "ebd9d7f80ccf7a82ac5f88c521115cc55d84e35bf8b446fcd7836eb6b98929a3",
              "url": "https://files.pythonhosted.org/packages/2f/d5/02059fe6ca70b11bb831007962323160372ca83843e0bf296e8b6d833198/typed_ast-1.5.4-cp39-cp39-manylinux_2_17_aarch64.manylinux2014_aarch64.whl"
            },
            {
              "algorithm": "sha256",
              "hash": "cf4afcfac006ece570e32d6fa90ab74a17245b83dfd6655a6f68568098345ff6",
              "url": "https://files.pythonhosted.org/packages/34/2d/17fc1845dd5210345904b054c9fa90f451d64df56de0470f429bc8d63d39/typed_ast-1.5.4-cp37-cp37m-macosx_10_9_x86_64.whl"
            },
            {
              "algorithm": "sha256",
              "hash": "4e964b4ff86550a7a7d56345c7864b18f403f5bd7380edf44a3c1fb4ee7ac6c6",
              "url": "https://files.pythonhosted.org/packages/40/1a/5731a1a3908f60032aead10c2ffc9af12ee708bc9a156ed14a5065a9873a/typed_ast-1.5.4-cp38-cp38-manylinux_2_5_x86_64.manylinux1_x86_64.manylinux_2_12_x86_64.manylinux2010_x86_64.whl"
            },
            {
              "algorithm": "sha256",
              "hash": "211260621ab1cd7324e0798d6be953d00b74e0428382991adfddb352252f1d62",
              "url": "https://files.pythonhosted.org/packages/48/6c/d96a545d337589dc5d7ecc0f8991122800ffec8dc10a24090619883b515e/typed_ast-1.5.4-cp310-cp310-macosx_11_0_arm64.whl"
            },
            {
              "algorithm": "sha256",
              "hash": "370788a63915e82fd6f212865a596a0fefcbb7d408bbbb13dea723d971ed8bdc",
              "url": "https://files.pythonhosted.org/packages/78/18/3ecf5043f227ebd4a43af57e18e6a38f9fe0b81dbfbb8d62eec669d7b69e/typed_ast-1.5.4-cp38-cp38-manylinux_2_17_aarch64.manylinux2014_aarch64.whl"
            },
            {
              "algorithm": "sha256",
              "hash": "267e3f78697a6c00c689c03db4876dd1efdfea2f251a5ad6555e82a26847b4ac",
              "url": "https://files.pythonhosted.org/packages/96/35/612258bab9e1867b28e3137910df35576b7b0fbb9b6f3013cc23435a79ed/typed_ast-1.5.4-cp310-cp310-manylinux_2_17_aarch64.manylinux2014_aarch64.whl"
            },
            {
              "algorithm": "sha256",
              "hash": "2efae9db7a8c05ad5547d522e7dbe62c83d838d3906a3716d1478b6c1d61388d",
              "url": "https://files.pythonhosted.org/packages/9b/d5/5540eb496c6817eaee8120fb759c7adb36f91ef647c6bb2877f09acc0569/typed_ast-1.5.4-cp38-cp38-macosx_10_9_x86_64.whl"
            },
            {
              "algorithm": "sha256",
              "hash": "c542eeda69212fa10a7ada75e668876fdec5f856cd3d06829e6aa64ad17c8dfe",
              "url": "https://files.pythonhosted.org/packages/c4/90/dacf9226b34961277f357c17c33b7cae3f05a5f5b8a1d23bd630d7a97a36/typed_ast-1.5.4-cp310-cp310-manylinux_2_5_x86_64.manylinux1_x86_64.manylinux_2_12_x86_64.manylinux2010_x86_64.whl"
            },
            {
              "algorithm": "sha256",
              "hash": "ed855bbe3eb3715fca349c80174cfcfd699c2f9de574d40527b8429acae23a66",
              "url": "https://files.pythonhosted.org/packages/dd/87/09764c19a60a192b935579c93a07e781f6a52def10b723c8c5748e69a863/typed_ast-1.5.4-cp37-cp37m-manylinux_2_17_aarch64.manylinux2014_aarch64.whl"
            },
            {
              "algorithm": "sha256",
              "hash": "4879da6c9b73443f97e731b617184a596ac1235fe91f98d279a7af36c796da35",
              "url": "https://files.pythonhosted.org/packages/f9/57/89ac0020d5ffc762487376d0c78e5d02af795657f18c411155b73de3c765/typed_ast-1.5.4-cp39-cp39-macosx_10_9_x86_64.whl"
            }
          ],
          "project_name": "typed-ast",
          "requires_dists": [],
          "requires_python": ">=3.6",
          "version": "1.5.4"
        },
        {
          "artifacts": [
            {
              "algorithm": "sha256",
              "hash": "25642c956049920a5aa49edcdd6ab1e06d7e5d467fc00e0506c44ac86fbfca02",
              "url": "https://files.pythonhosted.org/packages/ed/d6/2afc375a8d55b8be879d6b4986d4f69f01115e795e36827fd3a40166028b/typing_extensions-4.3.0-py3-none-any.whl"
            },
            {
              "algorithm": "sha256",
              "hash": "e6d2677a32f47fc7eb2795db1dd15c1f34eff616bcaf2cfb5e997f854fa1c4a6",
              "url": "https://files.pythonhosted.org/packages/9e/1d/d128169ff58c501059330f1ad96ed62b79114a2eb30b8238af63a2e27f70/typing_extensions-4.3.0.tar.gz"
            }
          ],
          "project_name": "typing-extensions",
          "requires_dists": [],
          "requires_python": ">=3.7",
          "version": "4.3"
        },
        {
          "artifacts": [
            {
              "algorithm": "sha256",
              "hash": "47c40d7fe183a6f21403a199b3e4192cca5774656965b0a4988ad2f8feb5f009",
              "url": "https://files.pythonhosted.org/packages/f0/36/639d6742bcc3ffdce8b85c31d79fcfae7bb04b95f0e5c4c6f8b206a038cc/zipp-3.8.1-py3-none-any.whl"
            },
            {
              "algorithm": "sha256",
              "hash": "05b45f1ee8f807d0cc928485ca40a07cb491cf092ff587c0df9cb1fd154848d2",
              "url": "https://files.pythonhosted.org/packages/3b/e3/fb79a1ea5f3a7e9745f688855d3c673f2ef7921639a380ec76f7d4d83a85/zipp-3.8.1.tar.gz"
            }
          ],
          "project_name": "zipp",
          "requires_dists": [
            "func-timeout; extra == \"testing\"",
            "jaraco.itertools; extra == \"testing\"",
            "jaraco.packaging>=9; extra == \"docs\"",
            "jaraco.tidelift>=1.4; extra == \"docs\"",
            "pytest-black>=0.3.7; platform_python_implementation != \"PyPy\" and extra == \"testing\"",
            "pytest-checkdocs>=2.4; extra == \"testing\"",
            "pytest-cov; extra == \"testing\"",
            "pytest-enabler>=1.3; extra == \"testing\"",
            "pytest-flake8; extra == \"testing\"",
            "pytest-mypy>=0.9.1; platform_python_implementation != \"PyPy\" and extra == \"testing\"",
            "pytest>=6; extra == \"testing\"",
            "rst.linker>=1.9; extra == \"docs\"",
            "sphinx; extra == \"docs\""
          ],
          "requires_python": ">=3.7",
          "version": "3.8.1"
        }
      ],
      "platform_tag": null
    }
  ],
  "path_mappings": {},
  "pex_version": "2.1.102",
  "prefer_older_binary": false,
  "requirements": [
    "mypy==0.950",
    "pytest"
  ],
  "requires_python": [
    "<4,>=3.7"
  ],
  "resolver_version": "pip-2020-resolver",
  "style": "universal",
  "target_systems": [
    "linux",
    "mac"
  ],
  "transitive": true,
  "use_pep517": null
}
