// This lockfile was autogenerated by Pants. To regenerate, run:
//
//    pants generate-lockfiles --resolve=tools
//
// --- BEGIN PANTS LOCKFILE METADATA: DO NOT EDIT OR REMOVE ---
// {
//   "version": 3,
//   "valid_for_interpreter_constraints": [
//     "CPython>=3.10"
//   ],
//   "generated_with_requirements": [
//     "PyYAML>=6.0",
//     "beautifulsoup4~=4.12",
//     "click>=8.0.3",
//     "pytest>6",
//     "requests~=2.32",
//     "structlog>=21.5.0",
//     "watchdog>=2.1.6"
//   ],
//   "manylinux": "manylinux2014",
//   "requirement_constraints": [],
//   "only_binary": [],
//   "no_binary": []
// }
// --- END PANTS LOCKFILE METADATA ---

{
  "allow_builds": true,
  "allow_prereleases": false,
  "allow_wheels": true,
  "build_isolation": true,
  "constraints": [],
  "locked_resolves": [
    {
      "locked_requirements": [
        {
          "artifacts": [
            {
              "algorithm": "sha256",
              "hash": "b80878c9f40111313e55da8ba20bdba06d8fa3969fc68304167741bbf9e082ed",
              "url": "https://files.pythonhosted.org/packages/b1/fe/e8c672695b37eecc5cbf43e1d0638d88d66ba3a44c4d321c796f4e59167f/beautifulsoup4-4.12.3-py3-none-any.whl"
            },
            {
              "algorithm": "sha256",
              "hash": "74e3d1928edc070d21748185c46e3fb33490f22f52a3addee9aee0f4f7781051",
              "url": "https://files.pythonhosted.org/packages/b3/ca/824b1195773ce6166d388573fc106ce56d4a805bd7427b624e063596ec58/beautifulsoup4-4.12.3.tar.gz"
            }
          ],
          "project_name": "beautifulsoup4",
          "requires_dists": [
            "cchardet; extra == \"cchardet\"",
            "chardet; extra == \"chardet\"",
            "charset-normalizer; extra == \"charset-normalizer\"",
            "html5lib; extra == \"html5lib\"",
            "lxml; extra == \"lxml\"",
            "soupsieve>1.2"
          ],
          "requires_python": ">=3.6.0",
          "version": "4.12.3"
        },
        {
          "artifacts": [
            {
              "algorithm": "sha256",
              "hash": "c198e21b1289c2ab85ee4e67bb4b4ef3ead0892059901a8d5b622f24a1101e90",
              "url": "https://files.pythonhosted.org/packages/1c/d5/c84e1a17bf61d4df64ca866a1c9a913874b4e9bdc131ec689a0ad013fb36/certifi-2024.7.4-py3-none-any.whl"
            },
            {
              "algorithm": "sha256",
              "hash": "5a1e7645bc0ec61a09e26c36f6106dd4cf40c6db3a1fb6352b0244e7fb057c7b",
              "url": "https://files.pythonhosted.org/packages/c2/02/a95f2b11e207f68bc64d7aae9666fed2e2b3f307748d5123dffb72a1bbea/certifi-2024.7.4.tar.gz"
            }
          ],
          "project_name": "certifi",
          "requires_dists": [],
          "requires_python": ">=3.6",
          "version": "2024.7.4"
        },
        {
          "artifacts": [
            {
              "algorithm": "sha256",
              "hash": "3e4d1f6587322d2788836a99c69062fbb091331ec940e02d12d179c1d53e25fc",
              "url": "https://files.pythonhosted.org/packages/28/76/e6222113b83e3622caa4bb41032d0b1bf785250607392e1b778aca0b8a7d/charset_normalizer-3.3.2-py3-none-any.whl"
            },
            {
              "algorithm": "sha256",
              "hash": "65f6f63034100ead094b8744b3b97965785388f308a64cf8d7c34f2f2e5be0c4",
              "url": "https://files.pythonhosted.org/packages/05/31/e1f51c76db7be1d4aef220d29fbfa5dbb4a99165d9833dcbf166753b6dc0/charset_normalizer-3.3.2-cp311-cp311-manylinux_2_17_s390x.manylinux2014_s390x.whl"
            },
            {
              "algorithm": "sha256",
              "hash": "1d3193f4a680c64b4b6a9115943538edb896edc190f0b222e73761716519268e",
              "url": "https://files.pythonhosted.org/packages/05/8c/eb854996d5fef5e4f33ad56927ad053d04dc820e4a3d39023f35cad72617/charset_normalizer-3.3.2-cp310-cp310-manylinux_2_17_ppc64le.manylinux2014_ppc64le.whl"
            },
            {
              "algorithm": "sha256",
              "hash": "4a78b2b446bd7c934f5dcedc588903fb2f5eec172f3d29e52a9096a43722adfc",
              "url": "https://files.pythonhosted.org/packages/07/07/7e554f2bbce3295e191f7e653ff15d55309a9ca40d0362fcdab36f01063c/charset_normalizer-3.3.2-cp311-cp311-manylinux_2_5_i686.manylinux1_i686.manylinux_2_17_i686.manylinux2014_i686.whl"
            },
            {
              "algorithm": "sha256",
              "hash": "eb6904c354526e758fda7167b33005998fb68c46fbc10e013ca97f21ca5c8887",
              "url": "https://files.pythonhosted.org/packages/19/28/573147271fd041d351b438a5665be8223f1dd92f273713cb882ddafe214c/charset_normalizer-3.3.2-cp311-cp311-musllinux_1_1_i686.whl"
            },
            {
              "algorithm": "sha256",
              "hash": "4ab2fe47fae9e0f9dee8c04187ce5d09f48eabe611be8259444906793ab7cbce",
              "url": "https://files.pythonhosted.org/packages/1e/49/7ab74d4ac537ece3bc3334ee08645e231f39f7d6df6347b29a74b0537103/charset_normalizer-3.3.2-cp311-cp311-musllinux_1_1_s390x.whl"
            },
            {
              "algorithm": "sha256",
              "hash": "b4a23f61ce87adf89be746c8a8974fe1c823c891d8f86eb218bb957c924bb143",
              "url": "https://files.pythonhosted.org/packages/24/9d/2e3ef673dfd5be0154b20363c5cdcc5606f35666544381bee15af3778239/charset_normalizer-3.3.2-cp312-cp312-musllinux_1_1_s390x.whl"
            },
            {
              "algorithm": "sha256",
              "hash": "25baf083bf6f6b341f4121c2f3c548875ee6f5339300e08be3f2b2ba1721cdd3",
              "url": "https://files.pythonhosted.org/packages/2b/61/095a0aa1a84d1481998b534177c8566fdc50bb1233ea9a0478cd3cc075bd/charset_normalizer-3.3.2-cp310-cp310-macosx_10_9_universal2.whl"
            },
            {
              "algorithm": "sha256",
              "hash": "80402cd6ee291dcb72644d6eac93785fe2c8b9cb30893c1af5b8fdd753b9d40f",
              "url": "https://files.pythonhosted.org/packages/2d/dc/9dacba68c9ac0ae781d40e1a0c0058e26302ea0660e574ddf6797a0347f7/charset_normalizer-3.3.2-cp311-cp311-musllinux_1_1_x86_64.whl"
            },
            {
              "algorithm": "sha256",
              "hash": "ddbb2551d7e0102e7252db79ba445cdab71b26640817ab1e3e3648dad515003b",
              "url": "https://files.pythonhosted.org/packages/2e/7d/2259318c202f3d17f3fe6438149b3b9e706d1070fe3fcbb28049730bb25c/charset_normalizer-3.3.2-cp312-cp312-macosx_10_9_x86_64.whl"
            },
            {
              "algorithm": "sha256",
              "hash": "beb58fe5cdb101e3a055192ac291b7a21e3b7ef4f67fa1d74e331a7f2124341c",
              "url": "https://files.pythonhosted.org/packages/33/c3/3b96a435c5109dd5b6adc8a59ba1d678b302a97938f032e3770cc84cd354/charset_normalizer-3.3.2-cp310-cp310-musllinux_1_1_aarch64.whl"
            },
            {
              "algorithm": "sha256",
              "hash": "55086ee1064215781fff39a1af09518bc9255b50d6333f2e4c74ca09fac6a8f6",
              "url": "https://files.pythonhosted.org/packages/3a/52/9f9d17c3b54dc238de384c4cb5a2ef0e27985b42a0e5cc8e8a31d918d48d/charset_normalizer-3.3.2-cp312-cp312-macosx_11_0_arm64.whl"
            },
            {
              "algorithm": "sha256",
              "hash": "573f6eac48f4769d667c4442081b1794f52919e7edada77495aaed9236d13a96",
              "url": "https://files.pythonhosted.org/packages/3e/33/21a875a61057165e92227466e54ee076b73af1e21fe1b31f1e292251aa1e/charset_normalizer-3.3.2-cp311-cp311-macosx_10_9_x86_64.whl"
            },
            {
              "algorithm": "sha256",
              "hash": "a9a8e9031d613fd2009c182b69c7b2c1ef8239a0efb1df3f7c8da66d5dd3d537",
              "url": "https://files.pythonhosted.org/packages/3f/ba/3f5e7be00b215fa10e13d64b1f6237eb6ebea66676a41b2bcdd09fe74323/charset_normalizer-3.3.2-cp310-cp310-manylinux_2_5_i686.manylinux1_i686.manylinux_2_17_i686.manylinux2014_i686.whl"
            },
            {
              "algorithm": "sha256",
              "hash": "753f10e867343b4511128c6ed8c82f7bec3bd026875576dfd88483c5c73b2fd8",
              "url": "https://files.pythonhosted.org/packages/40/26/f35951c45070edc957ba40a5b1db3cf60a9dbb1b350c2d5bef03e01e61de/charset_normalizer-3.3.2-cp311-cp311-manylinux_2_17_x86_64.manylinux2014_x86_64.whl"
            },
            {
              "algorithm": "sha256",
              "hash": "e06ed3eb3218bc64786f7db41917d4e686cc4856944f53d5bdf83a6884432e12",
              "url": "https://files.pythonhosted.org/packages/43/05/3bf613e719efe68fb3a77f9c536a389f35b95d75424b96b426a47a45ef1d/charset_normalizer-3.3.2-cp310-cp310-musllinux_1_1_i686.whl"
            },
            {
              "algorithm": "sha256",
              "hash": "7ed9e526742851e8d5cc9e6cf41427dfc6068d4f5a3bb03659444b4cabf6bc26",
              "url": "https://files.pythonhosted.org/packages/45/59/3d27019d3b447a88fe7e7d004a1e04be220227760264cc41b405e863891b/charset_normalizer-3.3.2-cp312-cp312-musllinux_1_1_aarch64.whl"
            },
            {
              "algorithm": "sha256",
              "hash": "9063e24fdb1e498ab71cb7419e24622516c4a04476b17a2dab57e8baa30d6e03",
              "url": "https://files.pythonhosted.org/packages/46/6a/d5c26c41c49b546860cc1acabdddf48b0b3fb2685f4f5617ac59261b44ae/charset_normalizer-3.3.2-cp310-cp310-macosx_11_0_arm64.whl"
            },
            {
              "algorithm": "sha256",
              "hash": "2e81c7b9c8979ce92ed306c249d46894776a909505d8f5a4ba55b14206e3222f",
              "url": "https://files.pythonhosted.org/packages/58/78/a0bc646900994df12e07b4ae5c713f2b3e5998f58b9d3720cce2aa45652f/charset_normalizer-3.3.2-cp310-cp310-musllinux_1_1_ppc64le.whl"
            },
            {
              "algorithm": "sha256",
              "hash": "efcb3f6676480691518c177e3b465bcddf57cea040302f9f4e6e191af91174d4",
              "url": "https://files.pythonhosted.org/packages/5b/ae/ce2c12fcac59cb3860b2e2d76dc405253a4475436b1861d95fe75bdea520/charset_normalizer-3.3.2-cp312-cp312-musllinux_1_1_x86_64.whl"
            },
            {
              "algorithm": "sha256",
              "hash": "f30c3cb33b24454a82faecaf01b19c18562b1e89558fb6c56de4d9118a032fd5",
              "url": "https://files.pythonhosted.org/packages/63/09/c1bc53dab74b1816a00d8d030de5bf98f724c52c1635e07681d312f20be8/charset-normalizer-3.3.2.tar.gz"
            },
            {
              "algorithm": "sha256",
              "hash": "802fe99cca7457642125a8a88a084cef28ff0cf9407060f7b93dca5aa25480db",
              "url": "https://files.pythonhosted.org/packages/68/77/02839016f6fbbf808e8b38601df6e0e66c17bbab76dff4613f7511413597/charset_normalizer-3.3.2-cp311-cp311-macosx_10_9_universal2.whl"
            },
            {
              "algorithm": "sha256",
              "hash": "8d756e44e94489e49571086ef83b2bb8ce311e730092d2c34ca8f7d925cb20aa",
              "url": "https://files.pythonhosted.org/packages/72/1a/641d5c9f59e6af4c7b53da463d07600a695b9824e20849cb6eea8a627761/charset_normalizer-3.3.2-cp312-cp312-manylinux_2_17_s390x.manylinux2014_s390x.whl"
            },
            {
              "algorithm": "sha256",
              "hash": "1ceae2f17a9c33cb48e3263960dc5fc8005351ee19db217e9b1bb15d28c02574",
              "url": "https://files.pythonhosted.org/packages/74/f1/0d9fe69ac441467b737ba7f48c68241487df2f4522dd7246d9426e7c690e/charset_normalizer-3.3.2-cp311-cp311-manylinux_2_17_ppc64le.manylinux2014_ppc64le.whl"
            },
            {
              "algorithm": "sha256",
              "hash": "8bdb58ff7ba23002a4c5808d608e4e6c687175724f54a5dade5fa8c67b604e4d",
              "url": "https://files.pythonhosted.org/packages/7b/ef/5eb105530b4da8ae37d506ccfa25057961b7b63d581def6f99165ea89c7e/charset_normalizer-3.3.2-cp312-cp312-musllinux_1_1_i686.whl"
            },
            {
              "algorithm": "sha256",
              "hash": "a10af20b82360ab00827f916a6058451b723b4e65030c5a18577c8b2de5b3389",
              "url": "https://files.pythonhosted.org/packages/91/33/749df346e93d7a30cdcb90cbfdd41a06026317bfbfb62cd68307c1a3c543/charset_normalizer-3.3.2-cp312-cp312-manylinux_2_17_ppc64le.manylinux2014_ppc64le.whl"
            },
            {
              "algorithm": "sha256",
              "hash": "8f4a014bc36d3c57402e2977dada34f9c12300af536839dc38c0beab8878f38a",
              "url": "https://files.pythonhosted.org/packages/99/b0/9c365f6d79a9f0f3c379ddb40a256a67aa69c59609608fe7feb6235896e1/charset_normalizer-3.3.2-cp312-cp312-manylinux_2_17_aarch64.manylinux2014_aarch64.whl"
            },
            {
              "algorithm": "sha256",
              "hash": "6b3251890fff30ee142c44144871185dbe13b11bab478a88887a639655be1068",
              "url": "https://files.pythonhosted.org/packages/a2/51/e5023f937d7f307c948ed3e5c29c4b7a3e42ed2ee0b8cdf8f3a706089bf0/charset_normalizer-3.3.2-cp312-cp312-musllinux_1_1_ppc64le.whl"
            },
            {
              "algorithm": "sha256",
              "hash": "fd1abc0d89e30cc4e02e4064dc67fcc51bd941eb395c502aac3ec19fab46b519",
              "url": "https://files.pythonhosted.org/packages/a8/31/47d018ef89f95b8aded95c589a77c072c55e94b50a41aa99c0a2008a45a4/charset_normalizer-3.3.2-cp310-cp310-musllinux_1_1_x86_64.whl"
            },
            {
              "algorithm": "sha256",
              "hash": "6897af51655e3691ff853668779c7bad41579facacf5fd7253b0133308cf000d",
              "url": "https://files.pythonhosted.org/packages/b8/60/e2f67915a51be59d4539ed189eb0a2b0d292bf79270410746becb32bc2c3/charset_normalizer-3.3.2-cp310-cp310-manylinux_2_17_aarch64.manylinux2014_aarch64.whl"
            },
            {
              "algorithm": "sha256",
              "hash": "06435b539f889b1f6f4ac1758871aae42dc3a8c0e24ac9e60c2384973ad73027",
              "url": "https://files.pythonhosted.org/packages/cc/94/f7cf5e5134175de79ad2059edf2adce18e0685ebdb9227ff0139975d0e93/charset_normalizer-3.3.2-cp310-cp310-macosx_10_9_x86_64.whl"
            },
            {
              "algorithm": "sha256",
              "hash": "deb6be0ac38ece9ba87dea880e438f25ca3eddfac8b002a2ec3d9183a454e8ae",
              "url": "https://files.pythonhosted.org/packages/cf/7c/f3b682fa053cc21373c9a839e6beba7705857075686a05c72e0f8c4980ca/charset_normalizer-3.3.2-cp311-cp311-musllinux_1_1_ppc64le.whl"
            },
            {
              "algorithm": "sha256",
              "hash": "0b2b64d2bb6d3fb9112bafa732def486049e63de9618b5843bcdd081d8144cd8",
              "url": "https://files.pythonhosted.org/packages/d1/b2/fcedc8255ec42afee97f9e6f0145c734bbe104aac28300214593eb326f1d/charset_normalizer-3.3.2-cp312-cp312-macosx_10_9_universal2.whl"
            },
            {
              "algorithm": "sha256",
              "hash": "e537484df0d8f426ce2afb2d0f8e1c3d0b114b83f8850e5f2fbea0e797bd82ae",
              "url": "https://files.pythonhosted.org/packages/d8/b5/eb705c313100defa57da79277d9207dc8d8e45931035862fa64b625bfead/charset_normalizer-3.3.2-cp311-cp311-musllinux_1_1_aarch64.whl"
            },
            {
              "algorithm": "sha256",
              "hash": "8465322196c8b4d7ab6d1e049e4c5cb460d0394da4a27d23cc242fbf0034b6b5",
              "url": "https://files.pythonhosted.org/packages/da/f1/3702ba2a7470666a62fd81c58a4c40be00670e5006a67f4d626e57f013ae/charset_normalizer-3.3.2-cp310-cp310-manylinux_2_17_x86_64.manylinux2014_x86_64.whl"
            },
            {
              "algorithm": "sha256",
              "hash": "549a3a73da901d5bc3ce8d24e0600d1fa85524c10287f6004fbab87672bf3e1e",
              "url": "https://files.pythonhosted.org/packages/dd/51/68b61b90b24ca35495956b718f35a9756ef7d3dd4b3c1508056fa98d1a1b/charset_normalizer-3.3.2-cp311-cp311-macosx_11_0_arm64.whl"
            },
            {
              "algorithm": "sha256",
              "hash": "6ac7ffc7ad6d040517be39eb591cac5ff87416c2537df6ba3cba3bae290c0fed",
              "url": "https://files.pythonhosted.org/packages/df/3e/a06b18788ca2eb6695c9b22325b6fde7dde0f1d1838b1792a0076f58fe9d/charset_normalizer-3.3.2-cp312-cp312-manylinux_2_5_i686.manylinux1_i686.manylinux_2_17_i686.manylinux2014_i686.whl"
            },
            {
              "algorithm": "sha256",
              "hash": "f27273b60488abe721a075bcca6d7f3964f9f6f067c8c4c605743023d7d3944f",
              "url": "https://files.pythonhosted.org/packages/e4/a6/7ee57823d46331ddc37dd00749c95b0edec2c79b15fc0d6e6efb532e89ac/charset_normalizer-3.3.2-cp311-cp311-manylinux_2_17_aarch64.manylinux2014_aarch64.whl"
            },
            {
              "algorithm": "sha256",
              "hash": "572c3763a264ba47b3cf708a44ce965d98555f618ca42c926a9c1616d8f34269",
              "url": "https://files.pythonhosted.org/packages/eb/5c/97d97248af4920bc68687d9c3b3c0f47c910e21a8ff80af4565a576bd2f0/charset_normalizer-3.3.2-cp310-cp310-musllinux_1_1_s390x.whl"
            },
            {
              "algorithm": "sha256",
              "hash": "90d558489962fd4918143277a773316e56c72da56ec7aa3dc3dbbe20fdfed15b",
              "url": "https://files.pythonhosted.org/packages/ee/fb/14d30eb4956408ee3ae09ad34299131fb383c47df355ddb428a7331cfa1e/charset_normalizer-3.3.2-cp312-cp312-manylinux_2_17_x86_64.manylinux2014_x86_64.whl"
            },
            {
              "algorithm": "sha256",
              "hash": "cd70574b12bb8a4d2aaa0094515df2463cb429d8536cfb6c7ce983246983e5a6",
              "url": "https://files.pythonhosted.org/packages/f6/93/bb6cbeec3bf9da9b2eba458c15966658d1daa8b982c642f81c93ad9b40e1/charset_normalizer-3.3.2-cp310-cp310-manylinux_2_17_s390x.manylinux2014_s390x.whl"
            }
          ],
          "project_name": "charset-normalizer",
          "requires_dists": [],
          "requires_python": ">=3.7.0",
          "version": "3.3.2"
        },
        {
          "artifacts": [
            {
              "algorithm": "sha256",
              "hash": "ae74fb96c20a0277a1d615f1e4d73c8414f5a98db8b799a7931d1582f3390c28",
              "url": "https://files.pythonhosted.org/packages/00/2e/d53fa4befbf2cfa713304affc7ca780ce4fc1fd8710527771b58311a3229/click-8.1.7-py3-none-any.whl"
            },
            {
              "algorithm": "sha256",
              "hash": "ca9853ad459e787e2192211578cc907e7594e294c7ccc834310722b41b9ca6de",
              "url": "https://files.pythonhosted.org/packages/96/d3/f04c7bfcf5c1862a2a5b845c6b2b360488cf47af55dfa79c98f6a6bf98b5/click-8.1.7.tar.gz"
            }
          ],
          "project_name": "click",
          "requires_dists": [
            "colorama; platform_system == \"Windows\"",
            "importlib-metadata; python_version < \"3.8\""
          ],
          "requires_python": ">=3.7",
          "version": "8.1.7"
        },
        {
          "artifacts": [
            {
              "algorithm": "sha256",
              "hash": "3111b9d131c238bec2f8f516e123e14ba243563fb135d3fe885990585aa7795b",
              "url": "https://files.pythonhosted.org/packages/02/cc/b7e31358aac6ed1ef2bb790a9746ac2c69bcb3c8588b41616914eb106eaf/exceptiongroup-1.2.2-py3-none-any.whl"
            },
            {
              "algorithm": "sha256",
              "hash": "47c2edf7c6738fafb49fd34290706d1a1a2f4d1c6df275526b62cbb4aa5393cc",
              "url": "https://files.pythonhosted.org/packages/09/35/2495c4ac46b980e4ca1f6ad6db102322ef3ad2410b79fdde159a4b0f3b92/exceptiongroup-1.2.2.tar.gz"
            }
          ],
          "project_name": "exceptiongroup",
          "requires_dists": [
            "pytest>=6; extra == \"test\""
          ],
          "requires_python": ">=3.7",
          "version": "1.2.2"
        },
        {
          "artifacts": [
            {
              "algorithm": "sha256",
              "hash": "050b4e5baadcd44d760cedbd2b8e639f2ff89bbc7a5730fcc662954303377aac",
              "url": "https://files.pythonhosted.org/packages/22/7e/d71db821f177828df9dea8c42ac46473366f191be53080e552e628aad991/idna-3.8-py3-none-any.whl"
            },
            {
              "algorithm": "sha256",
              "hash": "d838c2c0ed6fced7693d5e8ab8e734d5f8fda53a039c0164afb0b82e771e3603",
              "url": "https://files.pythonhosted.org/packages/e8/ac/e349c5e6d4543326c6883ee9491e3921e0d07b55fdf3cce184b40d63e72a/idna-3.8.tar.gz"
            }
          ],
          "project_name": "idna",
          "requires_dists": [],
          "requires_python": ">=3.6",
          "version": "3.8"
        },
        {
          "artifacts": [
            {
              "algorithm": "sha256",
              "hash": "b6a85871a79d2e3b22d2d1b94ac2824226a63c6b741c88f7ae975f18b6778374",
              "url": "https://files.pythonhosted.org/packages/ef/a6/62565a6e1cf69e10f5727360368e451d4b7f58beeac6173dc9db836a5b46/iniconfig-2.0.0-py3-none-any.whl"
            },
            {
              "algorithm": "sha256",
              "hash": "2d91e135bf72d31a410b17c16da610a82cb55f6b0477d1a902134b24a455b8b3",
              "url": "https://files.pythonhosted.org/packages/d7/4b/cbd8e699e64a6f16ca3a8220661b5f83792b3017d0f79807cb8708d33913/iniconfig-2.0.0.tar.gz"
            }
          ],
          "project_name": "iniconfig",
          "requires_dists": [],
          "requires_python": ">=3.7",
          "version": "2.0.0"
        },
        {
          "artifacts": [
            {
              "algorithm": "sha256",
              "hash": "5b8f2217dbdbd2f7f384c41c628544e6d52f2d0f53c6d0c3ea61aa5d1d7ff124",
              "url": "https://files.pythonhosted.org/packages/08/aa/cc0199a5f0ad350994d660967a8efb233fe0416e4639146c089643407ce6/packaging-24.1-py3-none-any.whl"
            },
            {
              "algorithm": "sha256",
              "hash": "026ed72c8ed3fcce5bf8950572258698927fd1dbda10a5e981cdf0ac37f4f002",
              "url": "https://files.pythonhosted.org/packages/51/65/50db4dda066951078f0a96cf12f4b9ada6e4b811516bf0262c0f4f7064d4/packaging-24.1.tar.gz"
            }
          ],
          "project_name": "packaging",
          "requires_dists": [],
          "requires_python": ">=3.8",
          "version": "24.1"
        },
        {
          "artifacts": [
            {
              "algorithm": "sha256",
              "hash": "44e1ad92c8ca002de6377e165f3e0f1be63266ab4d554740532335b9d75ea669",
              "url": "https://files.pythonhosted.org/packages/88/5f/e351af9a41f866ac3f1fac4ca0613908d9a41741cfcf2228f4ad853b697d/pluggy-1.5.0-py3-none-any.whl"
            },
            {
              "algorithm": "sha256",
              "hash": "2cffa88e94fdc978c4c574f15f9e59b7f4201d439195c3715ca9e2486f1d0cf1",
              "url": "https://files.pythonhosted.org/packages/96/2d/02d4312c973c6050a18b314a5ad0b3210edb65a906f868e31c111dede4a6/pluggy-1.5.0.tar.gz"
            }
          ],
          "project_name": "pluggy",
          "requires_dists": [
            "pre-commit; extra == \"dev\"",
            "pytest-benchmark; extra == \"testing\"",
            "pytest; extra == \"testing\"",
            "tox; extra == \"dev\""
          ],
          "requires_python": ">=3.8",
          "version": "1.5.0"
        },
        {
          "artifacts": [
            {
              "algorithm": "sha256",
              "hash": "4ba08f9ae7dcf84ded419494d229b48d0903ea6407b030eaec46df5e6a73bba5",
              "url": "https://files.pythonhosted.org/packages/0f/f9/cf155cf32ca7d6fa3601bc4c5dd19086af4b320b706919d48a4c79081cf9/pytest-8.3.2-py3-none-any.whl"
            },
            {
              "algorithm": "sha256",
              "hash": "c132345d12ce551242c87269de812483f5bcc87cdbb4722e48487ba194f9fdce",
              "url": "https://files.pythonhosted.org/packages/b4/8c/9862305bdcd6020bc7b45b1b5e7397a6caf1a33d3025b9a003b39075ffb2/pytest-8.3.2.tar.gz"
            }
          ],
          "project_name": "pytest",
          "requires_dists": [
            "argcomplete; extra == \"dev\"",
            "attrs>=19.2; extra == \"dev\"",
            "colorama; sys_platform == \"win32\"",
            "exceptiongroup>=1.0.0rc8; python_version < \"3.11\"",
            "hypothesis>=3.56; extra == \"dev\"",
            "iniconfig",
            "mock; extra == \"dev\"",
            "packaging",
            "pluggy<2,>=1.5",
            "pygments>=2.7.2; extra == \"dev\"",
            "requests; extra == \"dev\"",
            "setuptools; extra == \"dev\"",
            "tomli>=1; python_version < \"3.11\"",
            "xmlschema; extra == \"dev\""
          ],
          "requires_python": ">=3.8",
          "version": "8.3.2"
        },
        {
          "artifacts": [
            {
              "algorithm": "sha256",
              "hash": "68ccc6023a3400877818152ad9a1033e3db8625d899c72eacb5a668902e4d652",
              "url": "https://files.pythonhosted.org/packages/fe/0f/25911a9f080464c59fab9027482f822b86bf0608957a5fcc6eaac85aa515/PyYAML-6.0.2-cp313-cp313-musllinux_1_1_x86_64.whl"
            },
            {
              "algorithm": "sha256",
              "hash": "70b189594dbe54f75ab3a1acec5f1e3faa7e8cf2f1e08d9b561cb41b845f69d5",
              "url": "https://files.pythonhosted.org/packages/04/24/b7721e4845c2f162d26f50521b825fb061bc0a5afcf9a386840f23ea19fa/PyYAML-6.0.2-cp313-cp313-manylinux_2_17_x86_64.manylinux2014_x86_64.whl"
            },
            {
              "algorithm": "sha256",
              "hash": "41e4e3953a79407c794916fa277a82531dd93aad34e29c2a514c2c0c5fe971cc",
              "url": "https://files.pythonhosted.org/packages/2b/b2/e3234f59ba06559c6ff63c4e10baea10e5e7df868092bf9ab40e5b9c56b6/PyYAML-6.0.2-cp313-cp313-musllinux_1_1_aarch64.whl"
            },
            {
              "algorithm": "sha256",
              "hash": "797b4f722ffa07cc8d62053e4cff1486fa6dc094105d13fea7b1de7d8bf71c9e",
              "url": "https://files.pythonhosted.org/packages/45/73/0f49dacd6e82c9430e46f4a027baa4ca205e8b0a9dce1397f44edc23559d/PyYAML-6.0.2-cp311-cp311-musllinux_1_1_x86_64.whl"
            },
            {
              "algorithm": "sha256",
              "hash": "50187695423ffe49e2deacb8cd10510bc361faac997de9efef88badc3bb9e2d1",
              "url": "https://files.pythonhosted.org/packages/45/9f/3b1c20a0b7a3200524eb0076cc027a970d320bd3a6592873c85c92a08731/PyYAML-6.0.2-cp313-cp313-macosx_11_0_arm64.whl"
            },
            {
              "algorithm": "sha256",
              "hash": "8824b5a04a04a047e72eea5cec3bc266db09e35de6bdfe34c9436ac5ee27d237",
              "url": "https://files.pythonhosted.org/packages/49/ee/14c54df452143b9ee9f0f29074d7ca5516a36edb0b4cc40c3f280131656f/PyYAML-6.0.2-cp310-cp310-manylinux_2_17_aarch64.manylinux2014_aarch64.whl"
            },
            {
              "algorithm": "sha256",
              "hash": "7c36280e6fb8385e520936c3cb3b8042851904eba0e58d277dca80a5cfed590b",
              "url": "https://files.pythonhosted.org/packages/4d/61/de363a97476e766574650d742205be468921a7b532aa2499fcd886b62530/PyYAML-6.0.2-cp310-cp310-manylinux_2_17_s390x.manylinux2014_s390x.whl"
            },
            {
              "algorithm": "sha256",
              "hash": "5ac9328ec4831237bec75defaf839f7d4564be1e6b25ac710bd1a96321cc8317",
              "url": "https://files.pythonhosted.org/packages/51/16/6af8d6a6b210c8e54f1406a6b9481febf9c64a3109c541567e35a49aa2e7/PyYAML-6.0.2-cp311-cp311-manylinux_2_17_s390x.manylinux2014_s390x.whl"
            },
            {
              "algorithm": "sha256",
              "hash": "d584d9ec91ad65861cc08d42e834324ef890a082e591037abe114850ff7bbc3e",
              "url": "https://files.pythonhosted.org/packages/54/ed/79a089b6be93607fa5cdaedf301d7dfb23af5f25c398d5ead2525b063e17/pyyaml-6.0.2.tar.gz"
            },
            {
              "algorithm": "sha256",
              "hash": "23502f431948090f597378482b4812b0caae32c22213aecf3b55325e049a6c68",
              "url": "https://files.pythonhosted.org/packages/5c/20/8347dcabd41ef3a3cdc4f7b7a2aff3d06598c8779faa189cdbf878b626a4/PyYAML-6.0.2-cp310-cp310-musllinux_1_1_x86_64.whl"
            },
            {
              "algorithm": "sha256",
              "hash": "ec031d5d2feb36d1d1a24380e4db6d43695f3748343d99434e6f5f9156aaa2ed",
              "url": "https://files.pythonhosted.org/packages/6b/4e/1523cb902fd98355e2e9ea5e5eb237cbc5f3ad5f3075fa65087aa0ecb669/PyYAML-6.0.2-cp310-cp310-manylinux_2_17_x86_64.manylinux2014_x86_64.whl"
            },
            {
              "algorithm": "sha256",
              "hash": "3ad2a3decf9aaba3d29c8f537ac4b243e36bef957511b4766cb0057d32b0be85",
              "url": "https://files.pythonhosted.org/packages/75/e4/2c27590dfc9992f73aabbeb9241ae20220bd9452df27483b6e56d3975cc5/PyYAML-6.0.2-cp311-cp311-manylinux_2_17_x86_64.manylinux2014_x86_64.whl"
            },
            {
              "algorithm": "sha256",
              "hash": "0ffe8360bab4910ef1b9e87fb812d8bc0a308b0d0eef8c8f44e0254ab3b07133",
              "url": "https://files.pythonhosted.org/packages/7c/9a/337322f27005c33bcb656c655fa78325b730324c78620e8328ae28b64d0c/PyYAML-6.0.2-cp313-cp313-manylinux_2_17_aarch64.manylinux2014_aarch64.whl"
            },
            {
              "algorithm": "sha256",
              "hash": "c70c95198c015b85feafc136515252a261a84561b7b1d51e3384e0655ddf25ab",
              "url": "https://files.pythonhosted.org/packages/86/0c/c581167fc46d6d6d7ddcfb8c843a4de25bdd27e4466938109ca68492292c/PyYAML-6.0.2-cp312-cp312-macosx_10_9_x86_64.whl"
            },
            {
              "algorithm": "sha256",
              "hash": "1e2120ef853f59c7419231f3bf4e7021f1b936f6ebd222406c3b60212205d2ee",
              "url": "https://files.pythonhosted.org/packages/8b/62/b9faa998fd185f65c1371643678e4d58254add437edb764a08c5a98fb986/PyYAML-6.0.2-cp311-cp311-macosx_11_0_arm64.whl"
            },
            {
              "algorithm": "sha256",
              "hash": "9b22676e8097e9e22e36d6b7bda33190d0d400f345f23d4065d48f4ca7ae0425",
              "url": "https://files.pythonhosted.org/packages/95/0f/b8938f1cbd09739c6da569d172531567dbcc9789e0029aa070856f123984/PyYAML-6.0.2-cp312-cp312-manylinux_2_17_s390x.manylinux2014_s390x.whl"
            },
            {
              "algorithm": "sha256",
              "hash": "0a9a2848a5b7feac301353437eb7d5957887edbf81d56e903999a75a3d743086",
              "url": "https://files.pythonhosted.org/packages/9b/95/a3fac87cb7158e231b5a6012e438c647e1a87f09f8e0d123acec8ab8bf71/PyYAML-6.0.2-cp310-cp310-macosx_10_9_x86_64.whl"
            },
            {
              "algorithm": "sha256",
              "hash": "ff3824dc5261f50c9b0dfb3be22b4567a6f938ccce4587b38952d85fd9e9afe4",
              "url": "https://files.pythonhosted.org/packages/9b/97/ecc1abf4a823f5ac61941a9c00fe501b02ac3ab0e373c3857f7d4b83e2b6/PyYAML-6.0.2-cp311-cp311-musllinux_1_1_aarch64.whl"
            },
            {
              "algorithm": "sha256",
              "hash": "17e311b6c678207928d649faa7cb0d7b4c26a0ba73d41e99c4fff6b6c3276484",
              "url": "https://files.pythonhosted.org/packages/a3/69/864fbe19e6c18ea3cc196cbe5d392175b4cf3d5d0ac1403ec3f2d237ebb5/PyYAML-6.0.2-cp313-cp313-manylinux_2_17_s390x.manylinux2014_s390x.whl"
            },
            {
              "algorithm": "sha256",
              "hash": "ce826d6ef20b1bc864f0a68340c8b3287705cae2f8b4b1d932177dcc76721725",
              "url": "https://files.pythonhosted.org/packages/a8/0c/38374f5bb272c051e2a69281d71cba6fdb983413e6758b84482905e29a5d/PyYAML-6.0.2-cp312-cp312-macosx_11_0_arm64.whl"
            },
            {
              "algorithm": "sha256",
              "hash": "5d225db5a45f21e78dd9358e58a98702a0302f2659a3c6cd320564b75b86f47c",
              "url": "https://files.pythonhosted.org/packages/ad/0c/c804f5f922a9a6563bab712d8dcc70251e8af811fce4524d57c2c0fd49a4/PyYAML-6.0.2-cp311-cp311-manylinux_2_17_aarch64.manylinux2014_aarch64.whl"
            },
            {
              "algorithm": "sha256",
              "hash": "936d68689298c36b53b29f23c6dbb74de12b4ac12ca6cfe0e047bedceea56180",
              "url": "https://files.pythonhosted.org/packages/b7/33/5504b3a9a4464893c32f118a9cc045190a91637b119a9c881da1cf6b7a72/PyYAML-6.0.2-cp310-cp310-musllinux_1_1_aarch64.whl"
            },
            {
              "algorithm": "sha256",
              "hash": "80bab7bfc629882493af4aa31a4cfa43a4c57c83813253626916b8c7ada83476",
              "url": "https://files.pythonhosted.org/packages/b9/2b/614b4752f2e127db5cc206abc23a8c19678e92b23c3db30fc86ab731d3bd/PyYAML-6.0.2-cp312-cp312-manylinux_2_17_x86_64.manylinux2014_x86_64.whl"
            },
            {
              "algorithm": "sha256",
              "hash": "1f71ea527786de97d1a0cc0eacd1defc0985dcf6b3f17bb77dcfc8c34bec4dc5",
              "url": "https://files.pythonhosted.org/packages/c3/93/9916574aa8c00aa06bbac729972eb1071d002b8e158bd0e83a3b9a20a1f7/PyYAML-6.0.2-cp312-cp312-manylinux_2_17_aarch64.manylinux2014_aarch64.whl"
            },
            {
              "algorithm": "sha256",
              "hash": "29717114e51c84ddfba879543fb232a6ed60086602313ca38cce623c1d62cfbf",
              "url": "https://files.pythonhosted.org/packages/c7/7a/68bd47624dab8fd4afbfd3c48e3b79efe09098ae941de5b58abcbadff5cb/PyYAML-6.0.2-cp310-cp310-macosx_11_0_arm64.whl"
            },
            {
              "algorithm": "sha256",
              "hash": "8b9c7197f7cb2738065c481a0461e50ad02f18c78cd75775628afb4d7137fb3b",
              "url": "https://files.pythonhosted.org/packages/c9/1f/4f998c900485e5c0ef43838363ba4a9723ac0ad73a9dc42068b12aaba4e4/PyYAML-6.0.2-cp312-cp312-musllinux_1_1_x86_64.whl"
            },
            {
              "algorithm": "sha256",
              "hash": "0833f8694549e586547b576dcfaba4a6b55b9e96098b36cdc7ebefe667dfed48",
              "url": "https://files.pythonhosted.org/packages/d4/00/dd137d5bcc7efea1836d6264f049359861cf548469d18da90cd8216cf05f/PyYAML-6.0.2-cp312-cp312-musllinux_1_1_aarch64.whl"
            },
            {
              "algorithm": "sha256",
              "hash": "efdca5630322a10774e8e98e1af481aad470dd62c3170801852d752aa7a783ba",
              "url": "https://files.pythonhosted.org/packages/ef/e3/3af305b830494fa85d95f6d95ef7fa73f2ee1cc8ef5b495c7c3269fb835f/PyYAML-6.0.2-cp313-cp313-macosx_10_13_x86_64.whl"
            },
            {
              "algorithm": "sha256",
              "hash": "cc1c1159b3d456576af7a3e4d1ba7e6924cb39de8f67111c735f6fc832082774",
              "url": "https://files.pythonhosted.org/packages/f8/aa/7af4e81f7acba21a4c6be026da38fd2b872ca46226673c89a758ebdc4fd2/PyYAML-6.0.2-cp311-cp311-macosx_10_9_x86_64.whl"
            }
          ],
          "project_name": "pyyaml",
          "requires_dists": [],
          "requires_python": ">=3.8",
          "version": "6.0.2"
        },
        {
          "artifacts": [
            {
              "algorithm": "sha256",
              "hash": "70761cfe03c773ceb22aa2f671b4757976145175cdfca038c02654d061d6dcc6",
              "url": "https://files.pythonhosted.org/packages/f9/9b/335f9764261e915ed497fcdeb11df5dfd6f7bf257d4a6a2a686d80da4d54/requests-2.32.3-py3-none-any.whl"
            },
            {
              "algorithm": "sha256",
              "hash": "55365417734eb18255590a9ff9eb97e9e1da868d4ccd6402399eaf68af20a760",
              "url": "https://files.pythonhosted.org/packages/63/70/2bf7780ad2d390a8d301ad0b550f1581eadbd9a20f896afe06353c2a2913/requests-2.32.3.tar.gz"
            }
          ],
          "project_name": "requests",
          "requires_dists": [
            "PySocks!=1.5.7,>=1.5.6; extra == \"socks\"",
            "certifi>=2017.4.17",
            "chardet<6,>=3.0.2; extra == \"use-chardet-on-py3\"",
            "charset-normalizer<4,>=2",
            "idna<4,>=2.5",
            "urllib3<3,>=1.21.1"
          ],
          "requires_python": ">=3.8",
          "version": "2.32.3"
        },
        {
          "artifacts": [
            {
              "algorithm": "sha256",
              "hash": "e72c4ff06e4fb6e4b5a9f0f55fe6e81514581fca1515028625d0f299c602ccc9",
              "url": "https://files.pythonhosted.org/packages/d1/c2/fe97d779f3ef3b15f05c94a2f1e3d21732574ed441687474db9d342a7315/soupsieve-2.6-py3-none-any.whl"
            },
            {
              "algorithm": "sha256",
              "hash": "e2e68417777af359ec65daac1057404a3c8a5455bb8abc36f1a9866ab1a51abb",
              "url": "https://files.pythonhosted.org/packages/d7/ce/fbaeed4f9fb8b2daa961f90591662df6a86c1abf25c548329a86920aedfb/soupsieve-2.6.tar.gz"
            }
          ],
          "project_name": "soupsieve",
          "requires_dists": [],
          "requires_python": ">=3.8",
          "version": "2.6"
        },
        {
          "artifacts": [
            {
              "algorithm": "sha256",
              "hash": "597f61e80a91cc0749a9fd2a098ed76715a1c8a01f73e336b746504d1aad7610",
              "url": "https://files.pythonhosted.org/packages/bf/65/813fc133609ebcb1299be6a42e5aea99d6344afb35ccb43f67e7daaa3b92/structlog-24.4.0-py3-none-any.whl"
            },
            {
              "algorithm": "sha256",
              "hash": "b27bfecede327a6d2da5fbc96bd859f114ecc398a6389d664f62085ee7ae6fc4",
              "url": "https://files.pythonhosted.org/packages/78/a3/e811a94ac3853826805253c906faa99219b79951c7d58605e89c79e65768/structlog-24.4.0.tar.gz"
            }
          ],
          "project_name": "structlog",
          "requires_dists": [
            "cogapp; extra == \"docs\"",
            "freezegun>=0.2.8; extra == \"dev\"",
            "freezegun>=0.2.8; extra == \"tests\"",
            "furo; extra == \"docs\"",
            "mypy>=1.4; extra == \"dev\"",
            "mypy>=1.4; extra == \"typing\"",
            "myst-parser; extra == \"docs\"",
            "pretend; extra == \"dev\"",
            "pretend; extra == \"tests\"",
            "pytest-asyncio>=0.17; extra == \"dev\"",
            "pytest-asyncio>=0.17; extra == \"tests\"",
            "pytest>=6.0; extra == \"dev\"",
            "pytest>=6.0; extra == \"tests\"",
            "rich; extra == \"dev\"",
            "rich; extra == \"typing\"",
            "simplejson; extra == \"dev\"",
            "simplejson; extra == \"tests\"",
            "sphinx-notfound-page; extra == \"docs\"",
            "sphinx; extra == \"docs\"",
            "sphinxcontrib-mermaid; extra == \"docs\"",
            "sphinxext-opengraph; extra == \"docs\"",
            "twisted; extra == \"dev\"",
            "twisted; extra == \"docs\"",
            "twisted; extra == \"typing\""
          ],
          "requires_python": ">=3.8",
          "version": "24.4.0"
        },
        {
          "artifacts": [
            {
              "algorithm": "sha256",
              "hash": "939de3e7a6161af0c887ef91b7d41a53e7c5a1ca976325f429cb46ea9bc30ecc",
              "url": "https://files.pythonhosted.org/packages/97/75/10a9ebee3fd790d20926a90a2547f0bf78f371b2f13aa822c759680ca7b9/tomli-2.0.1-py3-none-any.whl"
            },
            {
              "algorithm": "sha256",
              "hash": "de526c12914f0c550d15924c62d72abc48d6fe7364aa87328337a31007fe8a4f",
              "url": "https://files.pythonhosted.org/packages/c0/3f/d7af728f075fb08564c5949a9c95e44352e23dee646869fa104a3b2060a3/tomli-2.0.1.tar.gz"
            }
          ],
          "project_name": "tomli",
          "requires_dists": [],
          "requires_python": ">=3.7",
          "version": "2.0.1"
        },
        {
          "artifacts": [
            {
              "algorithm": "sha256",
              "hash": "a448b2f64d686155468037e1ace9f2d2199776e17f0a46610480d311f73e3472",
              "url": "https://files.pythonhosted.org/packages/ca/1c/89ffc63a9605b583d5df2be791a27bc1a42b7c32bab68d3c8f2f73a98cd4/urllib3-2.2.2-py3-none-any.whl"
            },
            {
              "algorithm": "sha256",
              "hash": "dd505485549a7a552833da5e6063639d0d177c04f23bc3864e41e5dc5f612168",
              "url": "https://files.pythonhosted.org/packages/43/6d/fa469ae21497ddc8bc93e5877702dca7cb8f911e337aca7452b5724f1bb6/urllib3-2.2.2.tar.gz"
            }
          ],
          "project_name": "urllib3",
          "requires_dists": [
            "brotli>=1.0.9; platform_python_implementation == \"CPython\" and extra == \"brotli\"",
            "brotlicffi>=0.8.0; platform_python_implementation != \"CPython\" and extra == \"brotli\"",
            "h2<5,>=4; extra == \"h2\"",
            "pysocks!=1.5.7,<2.0,>=1.5.6; extra == \"socks\"",
            "zstandard>=0.18.0; extra == \"zstd\""
          ],
          "requires_python": ">=3.8",
          "version": "2.2.2"
        },
        {
          "artifacts": [
            {
              "algorithm": "sha256",
              "hash": "c0b14488bd336c5b1845cee83d3e631a1f8b4e9c5091ec539406e4a324f882d8",
              "url": "https://files.pythonhosted.org/packages/01/d2/c8931ff840a7e5bd5dcb93f2bb2a1fd18faf8312e9f7f53ff1cf76ecc8ed/watchdog-4.0.2-py3-none-manylinux2014_x86_64.whl"
            },
            {
              "algorithm": "sha256",
              "hash": "984306dc4720da5498b16fc037b36ac443816125a3705dfde4fd90652d8028ef",
              "url": "https://files.pythonhosted.org/packages/04/57/179d76076cff264982bc335dd4c7da6d636bd3e9860bbc896a665c3447b6/watchdog-4.0.2-cp311-cp311-macosx_11_0_arm64.whl"
            },
            {
              "algorithm": "sha256",
              "hash": "88456d65f207b39f1981bf772e473799fcdc10801062c36fd5ad9f9d1d463a73",
              "url": "https://files.pythonhosted.org/packages/09/cc/238998fc08e292a4a18a852ed8274159019ee7a66be14441325bcd811dfd/watchdog-4.0.2-py3-none-manylinux2014_ppc64.whl"
            },
            {
              "algorithm": "sha256",
              "hash": "0e83619a2d5d436a7e58a1aea957a3c1ccbf9782c43c0b4fed80580e5e4acd1a",
              "url": "https://files.pythonhosted.org/packages/15/3a/a4bd8f3b9381824995787488b9282aff1ed4667e1110f31a87b871ea851c/watchdog-4.0.2-py3-none-manylinux2014_i686.whl"
            },
            {
              "algorithm": "sha256",
              "hash": "980b71510f59c884d684b3663d46e7a14b457c9611c481e5cef08f4dd022eed7",
              "url": "https://files.pythonhosted.org/packages/2a/89/ad4715cbbd3440cb0d336b78970aba243a33a24b1a79d66f8d16b4590d6a/watchdog-4.0.2-cp313-cp313-macosx_11_0_arm64.whl"
            },
            {
              "algorithm": "sha256",
              "hash": "10b6683df70d340ac3279eff0b2766813f00f35a1d37515d2c99959ada8f05fa",
              "url": "https://files.pythonhosted.org/packages/3b/9a/6f30f023324de7bad8a3eb02b0afb06bd0726003a3550e9964321315df5a/watchdog-4.0.2-pp310-pypy310_pp73-macosx_10_15_x86_64.whl"
            },
            {
              "algorithm": "sha256",
              "hash": "ede7f010f2239b97cc79e6cb3c249e72962404ae3865860855d5cbe708b0fd22",
              "url": "https://files.pythonhosted.org/packages/46/b0/219893d41c16d74d0793363bf86df07d50357b81f64bba4cb94fe76e7af4/watchdog-4.0.2-cp310-cp310-macosx_10_9_universal2.whl"
            },
            {
              "algorithm": "sha256",
              "hash": "132937547a716027bd5714383dfc40dc66c26769f1ce8a72a859d6a48f371f3a",
              "url": "https://files.pythonhosted.org/packages/49/c4/1aeba2c31b25f79b03b15918155bc8c0b08101054fc727900f1a577d0d54/watchdog-4.0.2-cp312-cp312-macosx_11_0_arm64.whl"
            },
            {
              "algorithm": "sha256",
              "hash": "b4dfbb6c49221be4535623ea4474a4d6ee0a9cef4a80b20c28db4d858b64e270",
              "url": "https://files.pythonhosted.org/packages/4f/38/764baaa25eb5e35c9a043d4c4588f9836edfe52a708950f4b6d5f714fd42/watchdog-4.0.2.tar.gz"
            },
            {
              "algorithm": "sha256",
              "hash": "914285126ad0b6eb2258bbbcb7b288d9dfd655ae88fa28945be05a7b475a800b",
              "url": "https://files.pythonhosted.org/packages/59/a9/412b808568c1814d693b4ff1cec0055dc791780b9dc947807978fab86bc1/watchdog-4.0.2-cp311-cp311-macosx_10_9_x86_64.whl"
            },
            {
              "algorithm": "sha256",
              "hash": "a2cffa171445b0efa0726c561eca9a27d00a1f2b83846dbd5a4f639c4f8ca8e1",
              "url": "https://files.pythonhosted.org/packages/6d/c6/8e90c65693e87d98310b2e1e5fd7e313266990853b489e85ce8396cc26e3/watchdog-4.0.2-cp310-cp310-macosx_10_9_x86_64.whl"
            },
            {
              "algorithm": "sha256",
              "hash": "c50f148b31b03fbadd6d0b5980e38b558046b127dc483e5e4505fcef250f9503",
              "url": "https://files.pythonhosted.org/packages/6f/cd/2e306756364a934532ff8388d90eb2dc8bb21fe575cd2b33d791ce05a02f/watchdog-4.0.2-cp310-cp310-macosx_11_0_arm64.whl"
            },
            {
              "algorithm": "sha256",
              "hash": "cd67c7df93eb58f360c43802acc945fa8da70c675b6fa37a241e17ca698ca49b",
              "url": "https://files.pythonhosted.org/packages/79/63/eb8994a182672c042d85a33507475c50c2ee930577524dd97aea05251527/watchdog-4.0.2-cp313-cp313-macosx_10_13_universal2.whl"
            },
            {
              "algorithm": "sha256",
              "hash": "32be97f3b75693a93c683787a87a0dc8db98bb84701539954eef991fb35f5fbc",
              "url": "https://files.pythonhosted.org/packages/80/f1/d4b915160c9d677174aa5fae4537ae1f5acb23b3745ab0873071ef671f0a/watchdog-4.0.2-py3-none-manylinux2014_ppc64le.whl"
            },
            {
              "algorithm": "sha256",
              "hash": "f7c739888c20f99824f7aa9d31ac8a97353e22d0c0e54703a547a218f6637eb3",
              "url": "https://files.pythonhosted.org/packages/87/62/8be55e605d378a154037b9ba484e00a5478e627b69c53d0f63e3ef413ba6/watchdog-4.0.2-pp310-pypy310_pp73-macosx_11_0_arm64.whl"
            },
            {
              "algorithm": "sha256",
              "hash": "936acba76d636f70db8f3c66e76aa6cb5136a936fc2a5088b9ce1c7a3508fc83",
              "url": "https://files.pythonhosted.org/packages/8a/b1/25acf6767af6f7e44e0086309825bd8c098e301eed5868dc5350642124b9/watchdog-4.0.2-py3-none-manylinux2014_aarch64.whl"
            },
            {
              "algorithm": "sha256",
              "hash": "1cdcfd8142f604630deef34722d695fb455d04ab7cfe9963055df1fc69e6727a",
              "url": "https://files.pythonhosted.org/packages/92/f5/ea22b095340545faea37ad9a42353b265ca751f543da3fb43f5d00cdcd21/watchdog-4.0.2-cp312-cp312-macosx_10_9_universal2.whl"
            },
            {
              "algorithm": "sha256",
              "hash": "d7ab624ff2f663f98cd03c8b7eedc09375a911794dfea6bf2a359fcc266bff29",
              "url": "https://files.pythonhosted.org/packages/cb/d2/8ce97dff5e465db1222951434e3115189ae54a9863aef99c6987890cc9ef/watchdog-4.0.2-cp312-cp312-macosx_10_9_x86_64.whl"
            },
            {
              "algorithm": "sha256",
              "hash": "bcfd02377be80ef3b6bc4ce481ef3959640458d6feaae0bd43dd90a43da90a7d",
              "url": "https://files.pythonhosted.org/packages/ce/82/027c0c65c2245769580605bcd20a1dc7dfd6c6683c8c4e2ef43920e38d27/watchdog-4.0.2-cp313-cp313-macosx_10_13_x86_64.whl"
            },
            {
              "algorithm": "sha256",
              "hash": "c82253cfc9be68e3e49282831afad2c1f6593af80c0daf1287f6a92657986757",
              "url": "https://files.pythonhosted.org/packages/db/02/56ebe2cf33b352fe3309588eb03f020d4d1c061563d9858a9216ba004259/watchdog-4.0.2-py3-none-manylinux2014_s390x.whl"
            },
            {
              "algorithm": "sha256",
              "hash": "7c7d4bf585ad501c5f6c980e7be9c4f15604c7cc150e942d82083b31a7548930",
              "url": "https://files.pythonhosted.org/packages/de/78/027ad372d62f97642349a16015394a7680530460b1c70c368c506cb60c09/watchdog-4.0.2-cp311-cp311-macosx_10_9_universal2.whl"
            },
            {
              "algorithm": "sha256",
              "hash": "e252f8ca942a870f38cf785aef420285431311652d871409a64e2a0a52a2174c",
              "url": "https://files.pythonhosted.org/packages/e8/90/aebac95d6f954bd4901f5d46dcd83d68e682bfd21798fd125a95ae1c9dbf/watchdog-4.0.2-py3-none-manylinux2014_armv7l.whl"
            }
          ],
          "project_name": "watchdog",
          "requires_dists": [
            "PyYAML>=3.10; extra == \"watchmedo\""
          ],
          "requires_python": ">=3.8",
          "version": "4.0.2"
        }
      ],
      "platform_tag": null
    }
  ],
  "only_builds": [],
  "only_wheels": [],
  "path_mappings": {},
  "pex_version": "2.3.3",
  "pip_version": "24.0",
  "prefer_older_binary": false,
  "requirements": [
    "PyYAML>=6.0",
    "beautifulsoup4~=4.12",
    "click>=8.0.3",
    "pytest>6",
    "requests~=2.32",
    "structlog>=21.5.0",
    "watchdog>=2.1.6"
  ],
  "requires_python": [
    ">=3.10"
  ],
  "resolver_version": "pip-2020-resolver",
  "style": "universal",
  "target_systems": [
    "linux",
    "mac"
  ],
  "transitive": true,
  "use_pep517": null
}
